// !$*UTF8*$!
{
	archiveVersion = 1;
	classes = {
	};
	objectVersion = 50;
	objects = {

/* Begin PBXBuildFile section */
		213A7F7025A8AA680006F2A6 /* AppDelegate.swift in Sources */ = {isa = PBXBuildFile; fileRef = 213A7F6F25A8AA680006F2A6 /* AppDelegate.swift */; };
		213A7F7225A8AA680006F2A6 /* SceneDelegate.swift in Sources */ = {isa = PBXBuildFile; fileRef = 213A7F7125A8AA680006F2A6 /* SceneDelegate.swift */; };
		213A7F7425A8AA680006F2A6 /* ViewController.swift in Sources */ = {isa = PBXBuildFile; fileRef = 213A7F7325A8AA680006F2A6 /* ViewController.swift */; };
		213A7F7925A8AA6E0006F2A6 /* Assets.xcassets in Resources */ = {isa = PBXBuildFile; fileRef = 213A7F7825A8AA6E0006F2A6 /* Assets.xcassets */; };
		213A7F7C25A8AA6E0006F2A6 /* LaunchScreen.storyboard in Resources */ = {isa = PBXBuildFile; fileRef = 213A7F7A25A8AA6E0006F2A6 /* LaunchScreen.storyboard */; };
		213A7F8725A8AA6F0006F2A6 /* FaceDetectionTests.swift in Sources */ = {isa = PBXBuildFile; fileRef = 213A7F8625A8AA6F0006F2A6 /* FaceDetectionTests.swift */; };
		213A7F9225A8AA6F0006F2A6 /* FaceDetectionUITests.swift in Sources */ = {isa = PBXBuildFile; fileRef = 213A7F9125A8AA6F0006F2A6 /* FaceDetectionUITests.swift */; };
		213A7FA325A8AD440006F2A6 /* DetectViewController.swift in Sources */ = {isa = PBXBuildFile; fileRef = 213A7FA225A8AD440006F2A6 /* DetectViewController.swift */; };
		213A7FAB25A8BDAD0006F2A6 /* Main.storyboard in Resources */ = {isa = PBXBuildFile; fileRef = 213A7FAA25A8BDAC0006F2A6 /* Main.storyboard */; };
/* End PBXBuildFile section */

/* Begin PBXContainerItemProxy section */
		213A7F8325A8AA6F0006F2A6 /* PBXContainerItemProxy */ = {
			isa = PBXContainerItemProxy;
			containerPortal = 213A7F6425A8AA680006F2A6 /* Project object */;
			proxyType = 1;
			remoteGlobalIDString = 213A7F6B25A8AA680006F2A6;
			remoteInfo = FaceDetection;
		};
		213A7F8E25A8AA6F0006F2A6 /* PBXContainerItemProxy */ = {
			isa = PBXContainerItemProxy;
			containerPortal = 213A7F6425A8AA680006F2A6 /* Project object */;
			proxyType = 1;
			remoteGlobalIDString = 213A7F6B25A8AA680006F2A6;
			remoteInfo = FaceDetection;
		};
/* End PBXContainerItemProxy section */

/* Begin PBXFileReference section */
		213A7F6C25A8AA680006F2A6 /* FaceDetection.app */ = {isa = PBXFileReference; explicitFileType = wrapper.application; includeInIndex = 0; path = FaceDetection.app; sourceTree = BUILT_PRODUCTS_DIR; };
		213A7F6F25A8AA680006F2A6 /* AppDelegate.swift */ = {isa = PBXFileReference; lastKnownFileType = sourcecode.swift; path = AppDelegate.swift; sourceTree = "<group>"; };
		213A7F7125A8AA680006F2A6 /* SceneDelegate.swift */ = {isa = PBXFileReference; lastKnownFileType = sourcecode.swift; path = SceneDelegate.swift; sourceTree = "<group>"; };
		213A7F7325A8AA680006F2A6 /* ViewController.swift */ = {isa = PBXFileReference; lastKnownFileType = sourcecode.swift; path = ViewController.swift; sourceTree = "<group>"; };
		213A7F7825A8AA6E0006F2A6 /* Assets.xcassets */ = {isa = PBXFileReference; lastKnownFileType = folder.assetcatalog; path = Assets.xcassets; sourceTree = "<group>"; };
		213A7F7B25A8AA6E0006F2A6 /* Base */ = {isa = PBXFileReference; lastKnownFileType = file.storyboard; name = Base; path = Base.lproj/LaunchScreen.storyboard; sourceTree = "<group>"; };
		213A7F7D25A8AA6E0006F2A6 /* Info.plist */ = {isa = PBXFileReference; lastKnownFileType = text.plist.xml; path = Info.plist; sourceTree = "<group>"; };
		213A7F8225A8AA6F0006F2A6 /* FaceDetectionTests.xctest */ = {isa = PBXFileReference; explicitFileType = wrapper.cfbundle; includeInIndex = 0; path = FaceDetectionTests.xctest; sourceTree = BUILT_PRODUCTS_DIR; };
		213A7F8625A8AA6F0006F2A6 /* FaceDetectionTests.swift */ = {isa = PBXFileReference; lastKnownFileType = sourcecode.swift; path = FaceDetectionTests.swift; sourceTree = "<group>"; };
		213A7F8825A8AA6F0006F2A6 /* Info.plist */ = {isa = PBXFileReference; lastKnownFileType = text.plist.xml; path = Info.plist; sourceTree = "<group>"; };
		213A7F8D25A8AA6F0006F2A6 /* FaceDetectionUITests.xctest */ = {isa = PBXFileReference; explicitFileType = wrapper.cfbundle; includeInIndex = 0; path = FaceDetectionUITests.xctest; sourceTree = BUILT_PRODUCTS_DIR; };
		213A7F9125A8AA6F0006F2A6 /* FaceDetectionUITests.swift */ = {isa = PBXFileReference; lastKnownFileType = sourcecode.swift; path = FaceDetectionUITests.swift; sourceTree = "<group>"; };
		213A7F9325A8AA6F0006F2A6 /* Info.plist */ = {isa = PBXFileReference; lastKnownFileType = text.plist.xml; path = Info.plist; sourceTree = "<group>"; };
		213A7FA225A8AD440006F2A6 /* DetectViewController.swift */ = {isa = PBXFileReference; lastKnownFileType = sourcecode.swift; path = DetectViewController.swift; sourceTree = "<group>"; };
		213A7FAA25A8BDAC0006F2A6 /* Main.storyboard */ = {isa = PBXFileReference; fileEncoding = 4; lastKnownFileType = file.storyboard; path = Main.storyboard; sourceTree = "<group>"; };
/* End PBXFileReference section */

/* Begin PBXFrameworksBuildPhase section */
		213A7F6925A8AA680006F2A6 /* Frameworks */ = {
			isa = PBXFrameworksBuildPhase;
			buildActionMask = 2147483647;
			files = (
			);
			runOnlyForDeploymentPostprocessing = 0;
		};
		213A7F7F25A8AA6F0006F2A6 /* Frameworks */ = {
			isa = PBXFrameworksBuildPhase;
			buildActionMask = 2147483647;
			files = (
			);
			runOnlyForDeploymentPostprocessing = 0;
		};
		213A7F8A25A8AA6F0006F2A6 /* Frameworks */ = {
			isa = PBXFrameworksBuildPhase;
			buildActionMask = 2147483647;
			files = (
			);
			runOnlyForDeploymentPostprocessing = 0;
		};
/* End PBXFrameworksBuildPhase section */

/* Begin PBXGroup section */
		213A7F6325A8AA680006F2A6 = {
			isa = PBXGroup;
			children = (
				213A7F6E25A8AA680006F2A6 /* FaceDetection */,
				213A7F8525A8AA6F0006F2A6 /* FaceDetectionTests */,
				213A7F9025A8AA6F0006F2A6 /* FaceDetectionUITests */,
				213A7F6D25A8AA680006F2A6 /* Products */,
			);
			sourceTree = "<group>";
		};
		213A7F6D25A8AA680006F2A6 /* Products */ = {
			isa = PBXGroup;
			children = (
				213A7F6C25A8AA680006F2A6 /* FaceDetection.app */,
				213A7F8225A8AA6F0006F2A6 /* FaceDetectionTests.xctest */,
				213A7F8D25A8AA6F0006F2A6 /* FaceDetectionUITests.xctest */,
			);
			name = Products;
			sourceTree = "<group>";
		};
		213A7F6E25A8AA680006F2A6 /* FaceDetection */ = {
			isa = PBXGroup;
			children = (
				213A7F6F25A8AA680006F2A6 /* AppDelegate.swift */,
				213A7F7125A8AA680006F2A6 /* SceneDelegate.swift */,
				213A7F7325A8AA680006F2A6 /* ViewController.swift */,
				213A7F7825A8AA6E0006F2A6 /* Assets.xcassets */,
				213A7FAA25A8BDAC0006F2A6 /* Main.storyboard */,
				213A7F7A25A8AA6E0006F2A6 /* LaunchScreen.storyboard */,
				213A7F7D25A8AA6E0006F2A6 /* Info.plist */,
				213A7FA225A8AD440006F2A6 /* DetectViewController.swift */,
			);
			path = FaceDetection;
			sourceTree = "<group>";
		};
		213A7F8525A8AA6F0006F2A6 /* FaceDetectionTests */ = {
			isa = PBXGroup;
			children = (
				213A7F8625A8AA6F0006F2A6 /* FaceDetectionTests.swift */,
				213A7F8825A8AA6F0006F2A6 /* Info.plist */,
			);
			path = FaceDetectionTests;
			sourceTree = "<group>";
		};
		213A7F9025A8AA6F0006F2A6 /* FaceDetectionUITests */ = {
			isa = PBXGroup;
			children = (
				213A7F9125A8AA6F0006F2A6 /* FaceDetectionUITests.swift */,
				213A7F9325A8AA6F0006F2A6 /* Info.plist */,
			);
			path = FaceDetectionUITests;
			sourceTree = "<group>";
		};
/* End PBXGroup section */

/* Begin PBXNativeTarget section */
		213A7F6B25A8AA680006F2A6 /* FaceDetection */ = {
			isa = PBXNativeTarget;
			buildConfigurationList = 213A7F9625A8AA6F0006F2A6 /* Build configuration list for PBXNativeTarget "FaceDetection" */;
			buildPhases = (
				213A7F6825A8AA680006F2A6 /* Sources */,
				213A7F6925A8AA680006F2A6 /* Frameworks */,
				213A7F6A25A8AA680006F2A6 /* Resources */,
			);
			buildRules = (
			);
			dependencies = (
			);
			name = FaceDetection;
			productName = FaceDetection;
			productReference = 213A7F6C25A8AA680006F2A6 /* FaceDetection.app */;
			productType = "com.apple.product-type.application";
		};
		213A7F8125A8AA6F0006F2A6 /* FaceDetectionTests */ = {
			isa = PBXNativeTarget;
			buildConfigurationList = 213A7F9925A8AA6F0006F2A6 /* Build configuration list for PBXNativeTarget "FaceDetectionTests" */;
			buildPhases = (
				213A7F7E25A8AA6F0006F2A6 /* Sources */,
				213A7F7F25A8AA6F0006F2A6 /* Frameworks */,
				213A7F8025A8AA6F0006F2A6 /* Resources */,
			);
			buildRules = (
			);
			dependencies = (
				213A7F8425A8AA6F0006F2A6 /* PBXTargetDependency */,
			);
			name = FaceDetectionTests;
			productName = FaceDetectionTests;
			productReference = 213A7F8225A8AA6F0006F2A6 /* FaceDetectionTests.xctest */;
			productType = "com.apple.product-type.bundle.unit-test";
		};
		213A7F8C25A8AA6F0006F2A6 /* FaceDetectionUITests */ = {
			isa = PBXNativeTarget;
			buildConfigurationList = 213A7F9C25A8AA6F0006F2A6 /* Build configuration list for PBXNativeTarget "FaceDetectionUITests" */;
			buildPhases = (
				213A7F8925A8AA6F0006F2A6 /* Sources */,
				213A7F8A25A8AA6F0006F2A6 /* Frameworks */,
				213A7F8B25A8AA6F0006F2A6 /* Resources */,
			);
			buildRules = (
			);
			dependencies = (
				213A7F8F25A8AA6F0006F2A6 /* PBXTargetDependency */,
			);
			name = FaceDetectionUITests;
			productName = FaceDetectionUITests;
			productReference = 213A7F8D25A8AA6F0006F2A6 /* FaceDetectionUITests.xctest */;
			productType = "com.apple.product-type.bundle.ui-testing";
		};
/* End PBXNativeTarget section */

/* Begin PBXProject section */
		213A7F6425A8AA680006F2A6 /* Project object */ = {
			isa = PBXProject;
			attributes = {
				LastSwiftUpdateCheck = 1230;
				LastUpgradeCheck = 1230;
				TargetAttributes = {
					213A7F6B25A8AA680006F2A6 = {
						CreatedOnToolsVersion = 12.3;
					};
					213A7F8125A8AA6F0006F2A6 = {
						CreatedOnToolsVersion = 12.3;
						TestTargetID = 213A7F6B25A8AA680006F2A6;
					};
					213A7F8C25A8AA6F0006F2A6 = {
						CreatedOnToolsVersion = 12.3;
						TestTargetID = 213A7F6B25A8AA680006F2A6;
					};
				};
			};
			buildConfigurationList = 213A7F6725A8AA680006F2A6 /* Build configuration list for PBXProject "FaceDetection" */;
			compatibilityVersion = "Xcode 9.3";
			developmentRegion = en;
			hasScannedForEncodings = 0;
			knownRegions = (
				en,
				Base,
			);
			mainGroup = 213A7F6325A8AA680006F2A6;
			productRefGroup = 213A7F6D25A8AA680006F2A6 /* Products */;
			projectDirPath = "";
			projectRoot = "";
			targets = (
				213A7F6B25A8AA680006F2A6 /* FaceDetection */,
				213A7F8125A8AA6F0006F2A6 /* FaceDetectionTests */,
				213A7F8C25A8AA6F0006F2A6 /* FaceDetectionUITests */,
			);
		};
/* End PBXProject section */

/* Begin PBXResourcesBuildPhase section */
		213A7F6A25A8AA680006F2A6 /* Resources */ = {
			isa = PBXResourcesBuildPhase;
			buildActionMask = 2147483647;
			files = (
				213A7FAB25A8BDAD0006F2A6 /* Main.storyboard in Resources */,
				213A7F7C25A8AA6E0006F2A6 /* LaunchScreen.storyboard in Resources */,
				213A7F7925A8AA6E0006F2A6 /* Assets.xcassets in Resources */,
			);
			runOnlyForDeploymentPostprocessing = 0;
		};
		213A7F8025A8AA6F0006F2A6 /* Resources */ = {
			isa = PBXResourcesBuildPhase;
			buildActionMask = 2147483647;
			files = (
			);
			runOnlyForDeploymentPostprocessing = 0;
		};
		213A7F8B25A8AA6F0006F2A6 /* Resources */ = {
			isa = PBXResourcesBuildPhase;
			buildActionMask = 2147483647;
			files = (
			);
			runOnlyForDeploymentPostprocessing = 0;
		};
/* End PBXResourcesBuildPhase section */

/* Begin PBXSourcesBuildPhase section */
		213A7F6825A8AA680006F2A6 /* Sources */ = {
			isa = PBXSourcesBuildPhase;
			buildActionMask = 2147483647;
			files = (
				213A7F7425A8AA680006F2A6 /* ViewController.swift in Sources */,
				213A7FA325A8AD440006F2A6 /* DetectViewController.swift in Sources */,
				213A7F7025A8AA680006F2A6 /* AppDelegate.swift in Sources */,
				213A7F7225A8AA680006F2A6 /* SceneDelegate.swift in Sources */,
			);
			runOnlyForDeploymentPostprocessing = 0;
		};
		213A7F7E25A8AA6F0006F2A6 /* Sources */ = {
			isa = PBXSourcesBuildPhase;
			buildActionMask = 2147483647;
			files = (
				213A7F8725A8AA6F0006F2A6 /* FaceDetectionTests.swift in Sources */,
			);
			runOnlyForDeploymentPostprocessing = 0;
		};
		213A7F8925A8AA6F0006F2A6 /* Sources */ = {
			isa = PBXSourcesBuildPhase;
			buildActionMask = 2147483647;
			files = (
				213A7F9225A8AA6F0006F2A6 /* FaceDetectionUITests.swift in Sources */,
			);
			runOnlyForDeploymentPostprocessing = 0;
		};
/* End PBXSourcesBuildPhase section */

/* Begin PBXTargetDependency section */
		213A7F8425A8AA6F0006F2A6 /* PBXTargetDependency */ = {
			isa = PBXTargetDependency;
			target = 213A7F6B25A8AA680006F2A6 /* FaceDetection */;
			targetProxy = 213A7F8325A8AA6F0006F2A6 /* PBXContainerItemProxy */;
		};
		213A7F8F25A8AA6F0006F2A6 /* PBXTargetDependency */ = {
			isa = PBXTargetDependency;
			target = 213A7F6B25A8AA680006F2A6 /* FaceDetection */;
			targetProxy = 213A7F8E25A8AA6F0006F2A6 /* PBXContainerItemProxy */;
		};
/* End PBXTargetDependency section */

/* Begin PBXVariantGroup section */
		213A7F7A25A8AA6E0006F2A6 /* LaunchScreen.storyboard */ = {
			isa = PBXVariantGroup;
			children = (
				213A7F7B25A8AA6E0006F2A6 /* Base */,
			);
			name = LaunchScreen.storyboard;
			sourceTree = "<group>";
		};
/* End PBXVariantGroup section */

/* Begin XCBuildConfiguration section */
		213A7F9425A8AA6F0006F2A6 /* Debug */ = {
			isa = XCBuildConfiguration;
			buildSettings = {
				ALWAYS_SEARCH_USER_PATHS = NO;
				CLANG_ANALYZER_NONNULL = YES;
				CLANG_ANALYZER_NUMBER_OBJECT_CONVERSION = YES_AGGRESSIVE;
				CLANG_CXX_LANGUAGE_STANDARD = "gnu++14";
				CLANG_CXX_LIBRARY = "libc++";
				CLANG_ENABLE_MODULES = YES;
				CLANG_ENABLE_OBJC_ARC = YES;
				CLANG_ENABLE_OBJC_WEAK = YES;
				CLANG_WARN_BLOCK_CAPTURE_AUTORELEASING = YES;
				CLANG_WARN_BOOL_CONVERSION = YES;
				CLANG_WARN_COMMA = YES;
				CLANG_WARN_CONSTANT_CONVERSION = YES;
				CLANG_WARN_DEPRECATED_OBJC_IMPLEMENTATIONS = YES;
				CLANG_WARN_DIRECT_OBJC_ISA_USAGE = YES_ERROR;
				CLANG_WARN_DOCUMENTATION_COMMENTS = YES;
				CLANG_WARN_EMPTY_BODY = YES;
				CLANG_WARN_ENUM_CONVERSION = YES;
				CLANG_WARN_INFINITE_RECURSION = YES;
				CLANG_WARN_INT_CONVERSION = YES;
				CLANG_WARN_NON_LITERAL_NULL_CONVERSION = YES;
				CLANG_WARN_OBJC_IMPLICIT_RETAIN_SELF = YES;
				CLANG_WARN_OBJC_LITERAL_CONVERSION = YES;
				CLANG_WARN_OBJC_ROOT_CLASS = YES_ERROR;
				CLANG_WARN_QUOTED_INCLUDE_IN_FRAMEWORK_HEADER = YES;
				CLANG_WARN_RANGE_LOOP_ANALYSIS = YES;
				CLANG_WARN_STRICT_PROTOTYPES = YES;
				CLANG_WARN_SUSPICIOUS_MOVE = YES;
				CLANG_WARN_UNGUARDED_AVAILABILITY = YES_AGGRESSIVE;
				CLANG_WARN_UNREACHABLE_CODE = YES;
				CLANG_WARN__DUPLICATE_METHOD_MATCH = YES;
				COPY_PHASE_STRIP = NO;
				DEBUG_INFORMATION_FORMAT = dwarf;
				ENABLE_STRICT_OBJC_MSGSEND = YES;
				ENABLE_TESTABILITY = YES;
				GCC_C_LANGUAGE_STANDARD = gnu11;
				GCC_DYNAMIC_NO_PIC = NO;
				GCC_NO_COMMON_BLOCKS = YES;
				GCC_OPTIMIZATION_LEVEL = 0;
				GCC_PREPROCESSOR_DEFINITIONS = (
					"DEBUG=1",
					"$(inherited)",
				);
				GCC_WARN_64_TO_32_BIT_CONVERSION = YES;
				GCC_WARN_ABOUT_RETURN_TYPE = YES_ERROR;
				GCC_WARN_UNDECLARED_SELECTOR = YES;
				GCC_WARN_UNINITIALIZED_AUTOS = YES_AGGRESSIVE;
				GCC_WARN_UNUSED_FUNCTION = YES;
				GCC_WARN_UNUSED_VARIABLE = YES;
				IPHONEOS_DEPLOYMENT_TARGET = 14.3;
				MTL_ENABLE_DEBUG_INFO = INCLUDE_SOURCE;
				MTL_FAST_MATH = YES;
				ONLY_ACTIVE_ARCH = YES;
				SDKROOT = iphoneos;
				SWIFT_ACTIVE_COMPILATION_CONDITIONS = DEBUG;
				SWIFT_OPTIMIZATION_LEVEL = "-Onone";
			};
			name = Debug;
		};
		213A7F9525A8AA6F0006F2A6 /* Release */ = {
			isa = XCBuildConfiguration;
			buildSettings = {
				ALWAYS_SEARCH_USER_PATHS = NO;
				CLANG_ANALYZER_NONNULL = YES;
				CLANG_ANALYZER_NUMBER_OBJECT_CONVERSION = YES_AGGRESSIVE;
				CLANG_CXX_LANGUAGE_STANDARD = "gnu++14";
				CLANG_CXX_LIBRARY = "libc++";
				CLANG_ENABLE_MODULES = YES;
				CLANG_ENABLE_OBJC_ARC = YES;
				CLANG_ENABLE_OBJC_WEAK = YES;
				CLANG_WARN_BLOCK_CAPTURE_AUTORELEASING = YES;
				CLANG_WARN_BOOL_CONVERSION = YES;
				CLANG_WARN_COMMA = YES;
				CLANG_WARN_CONSTANT_CONVERSION = YES;
				CLANG_WARN_DEPRECATED_OBJC_IMPLEMENTATIONS = YES;
				CLANG_WARN_DIRECT_OBJC_ISA_USAGE = YES_ERROR;
				CLANG_WARN_DOCUMENTATION_COMMENTS = YES;
				CLANG_WARN_EMPTY_BODY = YES;
				CLANG_WARN_ENUM_CONVERSION = YES;
				CLANG_WARN_INFINITE_RECURSION = YES;
				CLANG_WARN_INT_CONVERSION = YES;
				CLANG_WARN_NON_LITERAL_NULL_CONVERSION = YES;
				CLANG_WARN_OBJC_IMPLICIT_RETAIN_SELF = YES;
				CLANG_WARN_OBJC_LITERAL_CONVERSION = YES;
				CLANG_WARN_OBJC_ROOT_CLASS = YES_ERROR;
				CLANG_WARN_QUOTED_INCLUDE_IN_FRAMEWORK_HEADER = YES;
				CLANG_WARN_RANGE_LOOP_ANALYSIS = YES;
				CLANG_WARN_STRICT_PROTOTYPES = YES;
				CLANG_WARN_SUSPICIOUS_MOVE = YES;
				CLANG_WARN_UNGUARDED_AVAILABILITY = YES_AGGRESSIVE;
				CLANG_WARN_UNREACHABLE_CODE = YES;
				CLANG_WARN__DUPLICATE_METHOD_MATCH = YES;
				COPY_PHASE_STRIP = NO;
				DEBUG_INFORMATION_FORMAT = "dwarf-with-dsym";
				ENABLE_NS_ASSERTIONS = NO;
				ENABLE_STRICT_OBJC_MSGSEND = YES;
				GCC_C_LANGUAGE_STANDARD = gnu11;
				GCC_NO_COMMON_BLOCKS = YES;
				GCC_WARN_64_TO_32_BIT_CONVERSION = YES;
				GCC_WARN_ABOUT_RETURN_TYPE = YES_ERROR;
				GCC_WARN_UNDECLARED_SELECTOR = YES;
				GCC_WARN_UNINITIALIZED_AUTOS = YES_AGGRESSIVE;
				GCC_WARN_UNUSED_FUNCTION = YES;
				GCC_WARN_UNUSED_VARIABLE = YES;
				IPHONEOS_DEPLOYMENT_TARGET = 14.3;
				MTL_ENABLE_DEBUG_INFO = NO;
				MTL_FAST_MATH = YES;
				SDKROOT = iphoneos;
				SWIFT_COMPILATION_MODE = wholemodule;
				SWIFT_OPTIMIZATION_LEVEL = "-O";
				VALIDATE_PRODUCT = YES;
			};
			name = Release;
		};
		213A7F9725A8AA6F0006F2A6 /* Debug */ = {
			isa = XCBuildConfiguration;
			buildSettings = {
				ASSETCATALOG_COMPILER_APPICON_NAME = AppIcon;
				ASSETCATALOG_COMPILER_GLOBAL_ACCENT_COLOR_NAME = AccentColor;
				CODE_SIGN_STYLE = Automatic;
				DEVELOPMENT_TEAM = GL92UNQ3FG;
				INFOPLIST_FILE = FaceDetection/Info.plist;
				LD_RUNPATH_SEARCH_PATHS = (
					"$(inherited)",
					"@executable_path/Frameworks",
				);
				PRODUCT_BUNDLE_IDENTIFIER = "JANTEL-CORP.FaceDetection";
				PRODUCT_NAME = "$(TARGET_NAME)";
				SWIFT_VERSION = 5.0;
				TARGETED_DEVICE_FAMILY = "1,2";
			};
			name = Debug;
		};
		213A7F9825A8AA6F0006F2A6 /* Release */ = {
			isa = XCBuildConfiguration;
			buildSettings = {
				ASSETCATALOG_COMPILER_APPICON_NAME = AppIcon;
				ASSETCATALOG_COMPILER_GLOBAL_ACCENT_COLOR_NAME = AccentColor;
				CODE_SIGN_STYLE = Automatic;
				DEVELOPMENT_TEAM = GL92UNQ3FG;
				INFOPLIST_FILE = FaceDetection/Info.plist;
				LD_RUNPATH_SEARCH_PATHS = (
					"$(inherited)",
					"@executable_path/Frameworks",
				);
				PRODUCT_BUNDLE_IDENTIFIER = "JANTEL-CORP.FaceDetection";
				PRODUCT_NAME = "$(TARGET_NAME)";
				SWIFT_VERSION = 5.0;
				TARGETED_DEVICE_FAMILY = "1,2";
			};
			name = Release;
		};
		213A7F9A25A8AA6F0006F2A6 /* Debug */ = {
			isa = XCBuildConfiguration;
			buildSettings = {
				ALWAYS_EMBED_SWIFT_STANDARD_LIBRARIES = YES;
				BUNDLE_LOADER = "$(TEST_HOST)";
				CODE_SIGN_STYLE = Automatic;
				DEVELOPMENT_TEAM = GL92UNQ3FG;
				INFOPLIST_FILE = FaceDetectionTests/Info.plist;
				IPHONEOS_DEPLOYMENT_TARGET = 14.3;
				LD_RUNPATH_SEARCH_PATHS = (
					"$(inherited)",
					"@executable_path/Frameworks",
					"@loader_path/Frameworks",
				);
				PRODUCT_BUNDLE_IDENTIFIER = "JANTEL-CORP.FaceDetectionTests";
				PRODUCT_NAME = "$(TARGET_NAME)";
				SWIFT_VERSION = 5.0;
				TARGETED_DEVICE_FAMILY = "1,2";
				TEST_HOST = "$(BUILT_PRODUCTS_DIR)/FaceDetection.app/FaceDetection";
			};
			name = Debug;
		};
		213A7F9B25A8AA6F0006F2A6 /* Release */ = {
			isa = XCBuildConfiguration;
			buildSettings = {
				ALWAYS_EMBED_SWIFT_STANDARD_LIBRARIES = YES;
				BUNDLE_LOADER = "$(TEST_HOST)";
				CODE_SIGN_STYLE = Automatic;
				DEVELOPMENT_TEAM = GL92UNQ3FG;
				INFOPLIST_FILE = FaceDetectionTests/Info.plist;
				IPHONEOS_DEPLOYMENT_TARGET = 14.3;
				LD_RUNPATH_SEARCH_PATHS = (
					"$(inherited)",
					"@executable_path/Frameworks",
					"@loader_path/Frameworks",
				);
				PRODUCT_BUNDLE_IDENTIFIER = "JANTEL-CORP.FaceDetectionTests";
				PRODUCT_NAME = "$(TARGET_NAME)";
				SWIFT_VERSION = 5.0;
				TARGETED_DEVICE_FAMILY = "1,2";
				TEST_HOST = "$(BUILT_PRODUCTS_DIR)/FaceDetection.app/FaceDetection";
			};
			name = Release;
		};
		213A7F9D25A8AA6F0006F2A6 /* Debug */ = {
			isa = XCBuildConfiguration;
			buildSettings = {
				ALWAYS_EMBED_SWIFT_STANDARD_LIBRARIES = YES;
				CODE_SIGN_STYLE = Automatic;
				DEVELOPMENT_TEAM = GL92UNQ3FG;
				INFOPLIST_FILE = FaceDetectionUITests/Info.plist;
				LD_RUNPATH_SEARCH_PATHS = (
					"$(inherited)",
					"@executable_path/Frameworks",
					"@loader_path/Frameworks",
				);
				PRODUCT_BUNDLE_IDENTIFIER = "JANTEL-CORP.FaceDetectionUITests";
				PRODUCT_NAME = "$(TARGET_NAME)";
				SWIFT_VERSION = 5.0;
				TARGETED_DEVICE_FAMILY = "1,2";
				TEST_TARGET_NAME = FaceDetection;
			};
			name = Debug;
		};
		213A7F9E25A8AA6F0006F2A6 /* Release */ = {
			isa = XCBuildConfiguration;
			buildSettings = {
				ALWAYS_EMBED_SWIFT_STANDARD_LIBRARIES = YES;
				CODE_SIGN_STYLE = Automatic;
				DEVELOPMENT_TEAM = GL92UNQ3FG;
				INFOPLIST_FILE = FaceDetectionUITests/Info.plist;
				LD_RUNPATH_SEARCH_PATHS = (
					"$(inherited)",
					"@executable_path/Frameworks",
					"@loader_path/Frameworks",
				);
				PRODUCT_BUNDLE_IDENTIFIER = "JANTEL-CORP.FaceDetectionUITests";
				PRODUCT_NAME = "$(TARGET_NAME)";
				SWIFT_VERSION = 5.0;
				TARGETED_DEVICE_FAMILY = "1,2";
				TEST_TARGET_NAME = FaceDetection;
			};
			name = Release;
		};
/* End XCBuildConfiguration section */

/* Begin XCConfigurationList section */
		213A7F6725A8AA680006F2A6 /* Build configuration list for PBXProject "FaceDetection" */ = {
			isa = XCConfigurationList;
			buildConfigurations = (
				213A7F9425A8AA6F0006F2A6 /* Debug */,
				213A7F9525A8AA6F0006F2A6 /* Release */,
			);
			defaultConfigurationIsVisible = 0;
			defaultConfigurationName = Release;
		};
		213A7F9625A8AA6F0006F2A6 /* Build configuration list for PBXNativeTarget "FaceDetection" */ = {
			isa = XCConfigurationList;
			buildConfigurations = (
				213A7F9725A8AA6F0006F2A6 /* Debug */,
				213A7F9825A8AA6F0006F2A6 /* Release */,
			);
			defaultConfigurationIsVisible = 0;
			defaultConfigurationName = Release;
		};
		213A7F9925A8AA6F0006F2A6 /* Build configuration list for PBXNativeTarget "FaceDetectionTests" */ = {
			isa = XCConfigurationList;
			buildConfigurations = (
				213A7F9A25A8AA6F0006F2A6 /* Debug */,
				213A7F9B25A8AA6F0006F2A6 /* Release */,
			);
			defaultConfigurationIsVisible = 0;
			defaultConfigurationName = Release;
		};
		213A7F9C25A8AA6F0006F2A6 /* Build configuration list for PBXNativeTarget "FaceDetectionUITests" */ = {
			isa = XCConfigurationList;
			buildConfigurations = (
				213A7F9D25A8AA6F0006F2A6 /* Debug */,
				213A7F9E25A8AA6F0006F2A6 /* Release */,
			);
			defaultConfigurationIsVisible = 0;
			defaultConfigurationName = Release;
		};
/* End XCConfigurationList section */
	};
	rootObject = 213A7F6425A8AA680006F2A6 /* Project object */;
}
